
Microsoft Visual Studio Solution File, Format Version 11.00
# Visual Studio 2010
Project("{FAE04EC0-301F-11D3-BF4B-00C04F79EFBC}") = "ThijnVanDijk_IndividueleOpdrach_SE22", "ThijnVanDijk_IndividueleOpdrach_SE22\ThijnVanDijk_IndividueleOpdrach_SE22.csproj", "{C788DA5B-6F27-4C53-940F-E587427A8DBF}"
EndProject
Global
	GlobalSection(SolutionConfigurationPlatforms) = preSolution
		Debug|Any CPU = Debug|Any CPU
		Release|Any CPU = Release|Any CPU
	EndGlobalSection
	GlobalSection(ProjectConfigurationPlatforms) = postSolution
		{C788DA5B-6F27-4C53-940F-E587427A8DBF}.Debug|Any CPU.ActiveCfg = Debug|Any CPU
		{C788DA5B-6F27-4C53-940F-E587427A8DBF}.Debug|Any CPU.Build.0 = Debug|Any CPU
		{C788DA5B-6F27-4C53-940F-E587427A8DBF}.Release|Any CPU.ActiveCfg = Release|Any CPU
		{C788DA5B-6F27-4C53-940F-E587427A8DBF}.Release|Any CPU.Build.0 = Release|Any CPU
	EndGlobalSection
	GlobalSection(SolutionProperties) = preSolution
		HideSolutionNode = FALSE
	EndGlobalSection
EndGlobal
